
Microsoft Visual Studio Solution File, Format Version 12.00
# Visual Studio Version 16
VisualStudioVersion = 16.0.30503.244
MinimumVisualStudioVersion = 10.0.40219.1
Project("{9A19103F-16F7-4668-BE54-9A1E7A4F7556}") = "SharpApi.AzureFunctions", "SharpApi.AzureFunctions\SharpApi.AzureFunctions.csproj", "{C861B15D-0262-4A7A-9C3D-49854D61066B}"
EndProject
Project("{9A19103F-16F7-4668-BE54-9A1E7A4F7556}") = "SharpApi.Email", "SharpApi.Email\SharpApi.Email.csproj", "{809D21BB-68BD-4473-8A89-326FE77D64BC}"
EndProject
Project("{9A19103F-16F7-4668-BE54-9A1E7A4F7556}") = "SharpApi.Email.Smtp", "SharpApi.Email.Smtp\SharpApi.Email.Smtp.csproj", "{FDCAC80D-3D0F-4B78-A743-A85138BB0EDD}"
EndProject
Project("{9A19103F-16F7-4668-BE54-9A1E7A4F7556}") = "SharpApi.Email.SendGrid", "SharpApi.Email.SendGrid\SharpApi.Email.SendGrid.csproj", "{98EFC826-3992-48D5-9054-765C8AFBC030}"
EndProject
Project("{9A19103F-16F7-4668-BE54-9A1E7A4F7556}") = "SharpApi.NoSql", "SharpApi.NoSql\SharpApi.NoSql.csproj", "{91B0938C-E0CB-49CF-BD75-9DFD071A205D}"
EndProject
Project("{9A19103F-16F7-4668-BE54-9A1E7A4F7556}") = "SharpApi.NoSql.MongoDB", "SharpApi.NoSql.MongoDB\SharpApi.NoSql.MongoDB.csproj", "{F428C8D0-A882-41B1-8FD6-CADD7F9373CD}"
EndProject
Project("{9A19103F-16F7-4668-BE54-9A1E7A4F7556}") = "SharpApi.Email.AmazonSimpleEmailService", "SharpApi.Email.AmazonSimpleEmailService\SharpApi.Email.AmazonSimpleEmailService.csproj", "{8E9887ED-717D-4A24-897E-32FAB7A6B776}"
EndProject
Project("{9A19103F-16F7-4668-BE54-9A1E7A4F7556}") = "SharpApi.Secrets.AwsSecretsManager", "SharpApi.Secrets.AwsSecretsManager\SharpApi.Secrets.AwsSecretsManager.csproj", "{C6D3D7F4-6C89-4969-AEA2-8BE090C0B857}"
EndProject
Project("{9A19103F-16F7-4668-BE54-9A1E7A4F7556}") = "SharpApi.Secrets.GoogleCloudSecretManager", "SharpApi.Secrets.GoogleCloudSecretManager\SharpApi.Secrets.GoogleCloudSecretManager.csproj", "{8FFA2CA8-7D52-4081-A7AD-837DF4D723AC}"
EndProject
Project("{9A19103F-16F7-4668-BE54-9A1E7A4F7556}") = "SharpApi.GoogleCloudFunctions", "SharpApi.GoogleCloudFunctions\SharpApi.GoogleCloudFunctions.csproj", "{6D08DA1F-A6BF-4E4C-ACDA-D2E74A0A1E3B}"
EndProject
Project("{9A19103F-16F7-4668-BE54-9A1E7A4F7556}") = "SharpApi.Aws", "SharpApi.Aws\SharpApi.Aws.csproj", "{CAB1EC81-228C-46D0-923F-78D7A9421A12}"
EndProject
Project("{9A19103F-16F7-4668-BE54-9A1E7A4F7556}") = "SharpApi.BlobStorage", "SharpApi.BlobStorage\SharpApi.BlobStorage.csproj", "{8A4A8682-AB80-431B-BF80-BA5ED07A41F2}"
EndProject
Project("{9A19103F-16F7-4668-BE54-9A1E7A4F7556}") = "SharpApi.BlobStorage.AzureBlobStorage", "SharpApi.BlobStorage.AzureBlobStorage\SharpApi.BlobStorage.AzureBlobStorage.csproj", "{6623A25E-58D1-47DD-AE88-82170E91CE6D}"
EndProject
Project("{FAE04EC0-301F-11D3-BF4B-00C04F79EFBC}") = "SharpApi.GoogleCloud", "SharpApi.GoogleCloud\SharpApi.GoogleCloud.csproj", "{3F480E30-F2EC-4C2F-BA1D-74FB72607D51}"
EndProject
Global
	GlobalSection(SolutionConfigurationPlatforms) = preSolution
		Debug|Any CPU = Debug|Any CPU
		Release|Any CPU = Release|Any CPU
	EndGlobalSection
	GlobalSection(ProjectConfigurationPlatforms) = postSolution
		{C861B15D-0262-4A7A-9C3D-49854D61066B}.Debug|Any CPU.ActiveCfg = Debug|Any CPU
		{C861B15D-0262-4A7A-9C3D-49854D61066B}.Debug|Any CPU.Build.0 = Debug|Any CPU
		{C861B15D-0262-4A7A-9C3D-49854D61066B}.Release|Any CPU.ActiveCfg = Release|Any CPU
		{C861B15D-0262-4A7A-9C3D-49854D61066B}.Release|Any CPU.Build.0 = Release|Any CPU
		{809D21BB-68BD-4473-8A89-326FE77D64BC}.Debug|Any CPU.ActiveCfg = Debug|Any CPU
		{809D21BB-68BD-4473-8A89-326FE77D64BC}.Debug|Any CPU.Build.0 = Debug|Any CPU
		{809D21BB-68BD-4473-8A89-326FE77D64BC}.Release|Any CPU.ActiveCfg = Release|Any CPU
		{809D21BB-68BD-4473-8A89-326FE77D64BC}.Release|Any CPU.Build.0 = Release|Any CPU
		{FDCAC80D-3D0F-4B78-A743-A85138BB0EDD}.Debug|Any CPU.ActiveCfg = Debug|Any CPU
		{FDCAC80D-3D0F-4B78-A743-A85138BB0EDD}.Debug|Any CPU.Build.0 = Debug|Any CPU
		{FDCAC80D-3D0F-4B78-A743-A85138BB0EDD}.Release|Any CPU.ActiveCfg = Release|Any CPU
		{FDCAC80D-3D0F-4B78-A743-A85138BB0EDD}.Release|Any CPU.Build.0 = Release|Any CPU
		{98EFC826-3992-48D5-9054-765C8AFBC030}.Debug|Any CPU.ActiveCfg = Debug|Any CPU
		{98EFC826-3992-48D5-9054-765C8AFBC030}.Debug|Any CPU.Build.0 = Debug|Any CPU
		{98EFC826-3992-48D5-9054-765C8AFBC030}.Release|Any CPU.ActiveCfg = Release|Any CPU
		{98EFC826-3992-48D5-9054-765C8AFBC030}.Release|Any CPU.Build.0 = Release|Any CPU
		{91B0938C-E0CB-49CF-BD75-9DFD071A205D}.Debug|Any CPU.ActiveCfg = Debug|Any CPU
		{91B0938C-E0CB-49CF-BD75-9DFD071A205D}.Debug|Any CPU.Build.0 = Debug|Any CPU
		{91B0938C-E0CB-49CF-BD75-9DFD071A205D}.Release|Any CPU.ActiveCfg = Release|Any CPU
		{91B0938C-E0CB-49CF-BD75-9DFD071A205D}.Release|Any CPU.Build.0 = Release|Any CPU
		{F428C8D0-A882-41B1-8FD6-CADD7F9373CD}.Debug|Any CPU.ActiveCfg = Debug|Any CPU
		{F428C8D0-A882-41B1-8FD6-CADD7F9373CD}.Debug|Any CPU.Build.0 = Debug|Any CPU
		{F428C8D0-A882-41B1-8FD6-CADD7F9373CD}.Release|Any CPU.ActiveCfg = Release|Any CPU
		{F428C8D0-A882-41B1-8FD6-CADD7F9373CD}.Release|Any CPU.Build.0 = Release|Any CPU
		{8E9887ED-717D-4A24-897E-32FAB7A6B776}.Debug|Any CPU.ActiveCfg = Debug|Any CPU
		{8E9887ED-717D-4A24-897E-32FAB7A6B776}.Debug|Any CPU.Build.0 = Debug|Any CPU
		{8E9887ED-717D-4A24-897E-32FAB7A6B776}.Release|Any CPU.ActiveCfg = Release|Any CPU
		{8E9887ED-717D-4A24-897E-32FAB7A6B776}.Release|Any CPU.Build.0 = Release|Any CPU
		{C6D3D7F4-6C89-4969-AEA2-8BE090C0B857}.Debug|Any CPU.ActiveCfg = Debug|Any CPU
		{C6D3D7F4-6C89-4969-AEA2-8BE090C0B857}.Debug|Any CPU.Build.0 = Debug|Any CPU
		{C6D3D7F4-6C89-4969-AEA2-8BE090C0B857}.Release|Any CPU.ActiveCfg = Release|Any CPU
		{C6D3D7F4-6C89-4969-AEA2-8BE090C0B857}.Release|Any CPU.Build.0 = Release|Any CPU
		{8FFA2CA8-7D52-4081-A7AD-837DF4D723AC}.Debug|Any CPU.ActiveCfg = Debug|Any CPU
		{8FFA2CA8-7D52-4081-A7AD-837DF4D723AC}.Debug|Any CPU.Build.0 = Debug|Any CPU
		{8FFA2CA8-7D52-4081-A7AD-837DF4D723AC}.Release|Any CPU.ActiveCfg = Release|Any CPU
		{8FFA2CA8-7D52-4081-A7AD-837DF4D723AC}.Release|Any CPU.Build.0 = Release|Any CPU
		{6D08DA1F-A6BF-4E4C-ACDA-D2E74A0A1E3B}.Debug|Any CPU.ActiveCfg = Debug|Any CPU
		{6D08DA1F-A6BF-4E4C-ACDA-D2E74A0A1E3B}.Debug|Any CPU.Build.0 = Debug|Any CPU
		{6D08DA1F-A6BF-4E4C-ACDA-D2E74A0A1E3B}.Release|Any CPU.ActiveCfg = Release|Any CPU
		{6D08DA1F-A6BF-4E4C-ACDA-D2E74A0A1E3B}.Release|Any CPU.Build.0 = Release|Any CPU
		{CAB1EC81-228C-46D0-923F-78D7A9421A12}.Debug|Any CPU.ActiveCfg = Debug|Any CPU
		{CAB1EC81-228C-46D0-923F-78D7A9421A12}.Debug|Any CPU.Build.0 = Debug|Any CPU
		{CAB1EC81-228C-46D0-923F-78D7A9421A12}.Release|Any CPU.ActiveCfg = Release|Any CPU
		{CAB1EC81-228C-46D0-923F-78D7A9421A12}.Release|Any CPU.Build.0 = Release|Any CPU
		{8A4A8682-AB80-431B-BF80-BA5ED07A41F2}.Debug|Any CPU.ActiveCfg = Debug|Any CPU
		{8A4A8682-AB80-431B-BF80-BA5ED07A41F2}.Debug|Any CPU.Build.0 = Debug|Any CPU
		{8A4A8682-AB80-431B-BF80-BA5ED07A41F2}.Release|Any CPU.ActiveCfg = Release|Any CPU
		{8A4A8682-AB80-431B-BF80-BA5ED07A41F2}.Release|Any CPU.Build.0 = Release|Any CPU
		{6623A25E-58D1-47DD-AE88-82170E91CE6D}.Debug|Any CPU.ActiveCfg = Debug|Any CPU
		{6623A25E-58D1-47DD-AE88-82170E91CE6D}.Debug|Any CPU.Build.0 = Debug|Any CPU
		{6623A25E-58D1-47DD-AE88-82170E91CE6D}.Release|Any CPU.ActiveCfg = Release|Any CPU
		{6623A25E-58D1-47DD-AE88-82170E91CE6D}.Release|Any CPU.Build.0 = Release|Any CPU
		{3F480E30-F2EC-4C2F-BA1D-74FB72607D51}.Debug|Any CPU.ActiveCfg = Debug|Any CPU
		{3F480E30-F2EC-4C2F-BA1D-74FB72607D51}.Debug|Any CPU.Build.0 = Debug|Any CPU
		{3F480E30-F2EC-4C2F-BA1D-74FB72607D51}.Release|Any CPU.ActiveCfg = Release|Any CPU
		{3F480E30-F2EC-4C2F-BA1D-74FB72607D51}.Release|Any CPU.Build.0 = Release|Any CPU
	EndGlobalSection
	GlobalSection(SolutionProperties) = preSolution
		HideSolutionNode = FALSE
	EndGlobalSection
	GlobalSection(ExtensibilityGlobals) = postSolution
		SolutionGuid = {6DBA2C98-8B91-4DFD-8D44-4B5C1B00B5A0}
	EndGlobalSection
EndGlobal
