
Microsoft Visual Studio Solution File, Format Version 12.00
# Visual Studio Version 16
VisualStudioVersion = 16.0.30503.244
MinimumVisualStudioVersion = 10.0.40219.1
Project("{9A19103F-16F7-4668-BE54-9A1E7A4F7556}") = "SharpApi", "SharpApi\SharpApi.csproj", "{143A19D1-D2CE-47ED-B337-FD03759570CB}"
EndProject
Project("{9A19103F-16F7-4668-BE54-9A1E7A4F7556}") = "SharpApi.AwsLambda", "SharpApi.AwsLambda\SharpApi.AwsLambda.csproj", "{268BEC72-2704-4F95-9A75-F1801125AB42}"
EndProject
Project("{9A19103F-16F7-4668-BE54-9A1E7A4F7556}") = "SharpApi.Example", "SharpApi.Example\SharpApi.Example.csproj", "{8F8AFBE7-D44E-420F-B6F3-E82D43D1A3CF}"
EndProject
Project("{9A19103F-16F7-4668-BE54-9A1E7A4F7556}") = "SharpApi.Example.Shared", "SharpApi.Example.Shared\SharpApi.Example.Shared.csproj", "{19A33EF5-AA92-467A-B54B-9DC9CB73212F}"
EndProject
Project("{9A19103F-16F7-4668-BE54-9A1E7A4F7556}") = "SharpApi.AspNetCore", "SharpApi.AspNetCore\SharpApi.AspNetCore.csproj", "{F8FE99A1-318B-4417-9B57-DF62905DA38E}"
EndProject
Project("{9A19103F-16F7-4668-BE54-9A1E7A4F7556}") = "SharpApi.Example.AspNetCore", "SharpApi.Example.AspNetCore\SharpApi.Example.AspNetCore.csproj", "{EBEF27E3-39D4-4005-B1A2-BCE83D68E05C}"
EndProject
Project("{9A19103F-16F7-4668-BE54-9A1E7A4F7556}") = "SharpApi.Example.AzureFunctions", "SharpApi.Example.AzureFunctions\SharpApi.Example.AzureFunctions.csproj", "{009193AF-01B9-4932-B5E3-987328849CAE}"
EndProject
Project("{9A19103F-16F7-4668-BE54-9A1E7A4F7556}") = "SharpApi.AzureFunctions", "SharpApi.AzureFunctions\SharpApi.AzureFunctions.csproj", "{C861B15D-0262-4A7A-9C3D-49854D61066B}"
EndProject
Project("{9A19103F-16F7-4668-BE54-9A1E7A4F7556}") = "SharpApi.Example.AwsLambda", "SharpApi.Example.AwsLambda\SharpApi.Example.AwsLambda.csproj", "{75617376-E996-4C27-8CB4-F857A74178BA}"
EndProject
Project("{FAE04EC0-301F-11D3-BF4B-00C04F79EFBC}") = "SharpApi.Email", "SharpApi.Email\SharpApi.Email.csproj", "{809D21BB-68BD-4473-8A89-326FE77D64BC}"
EndProject
Project("{FAE04EC0-301F-11D3-BF4B-00C04F79EFBC}") = "SharpApi.Email.Smtp", "SharpApi.Email.Smtp\SharpApi.Email.Smtp.csproj", "{FDCAC80D-3D0F-4B78-A743-A85138BB0EDD}"
EndProject
Global
	GlobalSection(SolutionConfigurationPlatforms) = preSolution
		Debug|Any CPU = Debug|Any CPU
		Release|Any CPU = Release|Any CPU
	EndGlobalSection
	GlobalSection(ProjectConfigurationPlatforms) = postSolution
		{143A19D1-D2CE-47ED-B337-FD03759570CB}.Debug|Any CPU.ActiveCfg = Debug|Any CPU
		{143A19D1-D2CE-47ED-B337-FD03759570CB}.Debug|Any CPU.Build.0 = Debug|Any CPU
		{143A19D1-D2CE-47ED-B337-FD03759570CB}.Release|Any CPU.ActiveCfg = Release|Any CPU
		{143A19D1-D2CE-47ED-B337-FD03759570CB}.Release|Any CPU.Build.0 = Release|Any CPU
		{268BEC72-2704-4F95-9A75-F1801125AB42}.Debug|Any CPU.ActiveCfg = Debug|Any CPU
		{268BEC72-2704-4F95-9A75-F1801125AB42}.Debug|Any CPU.Build.0 = Debug|Any CPU
		{268BEC72-2704-4F95-9A75-F1801125AB42}.Release|Any CPU.ActiveCfg = Release|Any CPU
		{268BEC72-2704-4F95-9A75-F1801125AB42}.Release|Any CPU.Build.0 = Release|Any CPU
		{8F8AFBE7-D44E-420F-B6F3-E82D43D1A3CF}.Debug|Any CPU.ActiveCfg = Debug|Any CPU
		{8F8AFBE7-D44E-420F-B6F3-E82D43D1A3CF}.Debug|Any CPU.Build.0 = Debug|Any CPU
		{8F8AFBE7-D44E-420F-B6F3-E82D43D1A3CF}.Release|Any CPU.ActiveCfg = Release|Any CPU
		{8F8AFBE7-D44E-420F-B6F3-E82D43D1A3CF}.Release|Any CPU.Build.0 = Release|Any CPU
		{19A33EF5-AA92-467A-B54B-9DC9CB73212F}.Debug|Any CPU.ActiveCfg = Debug|Any CPU
		{19A33EF5-AA92-467A-B54B-9DC9CB73212F}.Debug|Any CPU.Build.0 = Debug|Any CPU
		{19A33EF5-AA92-467A-B54B-9DC9CB73212F}.Release|Any CPU.ActiveCfg = Release|Any CPU
		{19A33EF5-AA92-467A-B54B-9DC9CB73212F}.Release|Any CPU.Build.0 = Release|Any CPU
		{F8FE99A1-318B-4417-9B57-DF62905DA38E}.Debug|Any CPU.ActiveCfg = Debug|Any CPU
		{F8FE99A1-318B-4417-9B57-DF62905DA38E}.Debug|Any CPU.Build.0 = Debug|Any CPU
		{F8FE99A1-318B-4417-9B57-DF62905DA38E}.Release|Any CPU.ActiveCfg = Release|Any CPU
		{F8FE99A1-318B-4417-9B57-DF62905DA38E}.Release|Any CPU.Build.0 = Release|Any CPU
		{EBEF27E3-39D4-4005-B1A2-BCE83D68E05C}.Debug|Any CPU.ActiveCfg = Debug|Any CPU
		{EBEF27E3-39D4-4005-B1A2-BCE83D68E05C}.Debug|Any CPU.Build.0 = Debug|Any CPU
		{EBEF27E3-39D4-4005-B1A2-BCE83D68E05C}.Release|Any CPU.ActiveCfg = Release|Any CPU
		{EBEF27E3-39D4-4005-B1A2-BCE83D68E05C}.Release|Any CPU.Build.0 = Release|Any CPU
		{009193AF-01B9-4932-B5E3-987328849CAE}.Debug|Any CPU.ActiveCfg = Debug|Any CPU
		{009193AF-01B9-4932-B5E3-987328849CAE}.Debug|Any CPU.Build.0 = Debug|Any CPU
		{009193AF-01B9-4932-B5E3-987328849CAE}.Release|Any CPU.ActiveCfg = Release|Any CPU
		{009193AF-01B9-4932-B5E3-987328849CAE}.Release|Any CPU.Build.0 = Release|Any CPU
		{C861B15D-0262-4A7A-9C3D-49854D61066B}.Debug|Any CPU.ActiveCfg = Debug|Any CPU
		{C861B15D-0262-4A7A-9C3D-49854D61066B}.Debug|Any CPU.Build.0 = Debug|Any CPU
		{C861B15D-0262-4A7A-9C3D-49854D61066B}.Release|Any CPU.ActiveCfg = Release|Any CPU
		{C861B15D-0262-4A7A-9C3D-49854D61066B}.Release|Any CPU.Build.0 = Release|Any CPU
		{75617376-E996-4C27-8CB4-F857A74178BA}.Debug|Any CPU.ActiveCfg = Debug|Any CPU
		{75617376-E996-4C27-8CB4-F857A74178BA}.Debug|Any CPU.Build.0 = Debug|Any CPU
		{75617376-E996-4C27-8CB4-F857A74178BA}.Release|Any CPU.ActiveCfg = Release|Any CPU
		{75617376-E996-4C27-8CB4-F857A74178BA}.Release|Any CPU.Build.0 = Release|Any CPU
		{809D21BB-68BD-4473-8A89-326FE77D64BC}.Debug|Any CPU.ActiveCfg = Debug|Any CPU
		{809D21BB-68BD-4473-8A89-326FE77D64BC}.Debug|Any CPU.Build.0 = Debug|Any CPU
		{809D21BB-68BD-4473-8A89-326FE77D64BC}.Release|Any CPU.ActiveCfg = Release|Any CPU
		{809D21BB-68BD-4473-8A89-326FE77D64BC}.Release|Any CPU.Build.0 = Release|Any CPU
		{FDCAC80D-3D0F-4B78-A743-A85138BB0EDD}.Debug|Any CPU.ActiveCfg = Debug|Any CPU
		{FDCAC80D-3D0F-4B78-A743-A85138BB0EDD}.Debug|Any CPU.Build.0 = Debug|Any CPU
		{FDCAC80D-3D0F-4B78-A743-A85138BB0EDD}.Release|Any CPU.ActiveCfg = Release|Any CPU
		{FDCAC80D-3D0F-4B78-A743-A85138BB0EDD}.Release|Any CPU.Build.0 = Release|Any CPU
	EndGlobalSection
	GlobalSection(SolutionProperties) = preSolution
		HideSolutionNode = FALSE
	EndGlobalSection
	GlobalSection(ExtensibilityGlobals) = postSolution
		SolutionGuid = {6DBA2C98-8B91-4DFD-8D44-4B5C1B00B5A0}
	EndGlobalSection
EndGlobal
